
Microsoft Visual Studio Solution File, Format Version 12.00
# Visual Studio 15
VisualStudioVersion = 15.0.27703.2042
MinimumVisualStudioVersion = 10.0.40219.1
Project("{888888A0-9F3D-457C-B088-3A5042F75D52}") = "Keras_cifar-10", "Keras_cifar-10\Keras_cifar-10.pyproj", "{8ED48F41-BEDF-4004-84B8-5766FCC8DE35}"
EndProject
Global
	GlobalSection(SolutionConfigurationPlatforms) = preSolution
		Debug|Any CPU = Debug|Any CPU
		Release|Any CPU = Release|Any CPU
	EndGlobalSection
	GlobalSection(ProjectConfigurationPlatforms) = postSolution
		{8ED48F41-BEDF-4004-84B8-5766FCC8DE35}.Debug|Any CPU.ActiveCfg = Debug|Any CPU
		{8ED48F41-BEDF-4004-84B8-5766FCC8DE35}.Release|Any CPU.ActiveCfg = Release|Any CPU
	EndGlobalSection
	GlobalSection(SolutionProperties) = preSolution
		HideSolutionNode = FALSE
	EndGlobalSection
	GlobalSection(ExtensibilityGlobals) = postSolution
		SolutionGuid = {EAB27BDC-A105-49A8-B697-165AE9CEE6BB}
	EndGlobalSection
EndGlobal
